
Microsoft Visual Studio Solution File, Format Version 12.00
# Visual Studio Version 16
VisualStudioVersion = 16.0.29721.120
MinimumVisualStudioVersion = 10.0.40219.1
Project("{FAE04EC0-301F-11D3-BF4B-00C04F79EFBC}") = "EntityFrameworkUnitTestingWithAspNetWebApi", "EntityFrameworkUnitTestingWithAspNetWebApi\EntityFrameworkUnitTestingWithAspNetWebApi.csproj", "{0ED2737F-668B-4509-808A-4D5E5EE7A21F}"
EndProject
Project("{FAE04EC0-301F-11D3-BF4B-00C04F79EFBC}") = "XUnitTestEntityFrameworkUnitTestingWithAspNetWebApi", "XUnitTestEntityFrameworkUnitTestingWithAspNetWebApi\XUnitTestEntityFrameworkUnitTestingWithAspNetWebApi.csproj", "{BB8F0EBE-C2BA-429E-A20A-3F3A3B383C5D}"
EndProject
Global
	GlobalSection(SolutionConfigurationPlatforms) = preSolution
		Debug|Any CPU = Debug|Any CPU
		Release|Any CPU = Release|Any CPU
	EndGlobalSection
	GlobalSection(ProjectConfigurationPlatforms) = postSolution
		{0ED2737F-668B-4509-808A-4D5E5EE7A21F}.Debug|Any CPU.ActiveCfg = Debug|Any CPU
		{0ED2737F-668B-4509-808A-4D5E5EE7A21F}.Debug|Any CPU.Build.0 = Debug|Any CPU
		{0ED2737F-668B-4509-808A-4D5E5EE7A21F}.Release|Any CPU.ActiveCfg = Release|Any CPU
		{0ED2737F-668B-4509-808A-4D5E5EE7A21F}.Release|Any CPU.Build.0 = Release|Any CPU
		{BB8F0EBE-C2BA-429E-A20A-3F3A3B383C5D}.Debug|Any CPU.ActiveCfg = Debug|Any CPU
		{BB8F0EBE-C2BA-429E-A20A-3F3A3B383C5D}.Debug|Any CPU.Build.0 = Debug|Any CPU
		{BB8F0EBE-C2BA-429E-A20A-3F3A3B383C5D}.Release|Any CPU.ActiveCfg = Release|Any CPU
		{BB8F0EBE-C2BA-429E-A20A-3F3A3B383C5D}.Release|Any CPU.Build.0 = Release|Any CPU
	EndGlobalSection
	GlobalSection(SolutionProperties) = preSolution
		HideSolutionNode = FALSE
	EndGlobalSection
	GlobalSection(ExtensibilityGlobals) = postSolution
		SolutionGuid = {C7D9340B-F3F6-48FA-AD80-3A00AE46DAF1}
	EndGlobalSection
EndGlobal
